// !$*UTF8*$!
{
	archiveVersion = 1;
	classes = {
	};
	objectVersion = 77;
	objects = {

/* Begin PBXContainerItemProxy section */
		E38334582CDC2DED00CB2411 /* PBXContainerItemProxy */ = {
			isa = PBXContainerItemProxy;
			containerPortal = E383343F2CDC2DEC00CB2411 /* Project object */;
			proxyType = 1;
			remoteGlobalIDString = E38334462CDC2DEC00CB2411;
			remoteInfo = myFirstProject;
		};
		E38334622CDC2DED00CB2411 /* PBXContainerItemProxy */ = {
			isa = PBXContainerItemProxy;
			containerPortal = E383343F2CDC2DEC00CB2411 /* Project object */;
			proxyType = 1;
			remoteGlobalIDString = E38334462CDC2DEC00CB2411;
			remoteInfo = myFirstProject;
		};
/* End PBXContainerItemProxy section */

/* Begin PBXFileReference section */
		E38334472CDC2DEC00CB2411 /* myFirstProject.app */ = {isa = PBXFileReference; explicitFileType = wrapper.application; includeInIndex = 0; path = myFirstProject.app; sourceTree = BUILT_PRODUCTS_DIR; };
		E38334572CDC2DED00CB2411 /* myFirstProjectTests.xctest */ = {isa = PBXFileReference; explicitFileType = wrapper.cfbundle; includeInIndex = 0; path = myFirstProjectTests.xctest; sourceTree = BUILT_PRODUCTS_DIR; };
		E38334612CDC2DED00CB2411 /* myFirstProjectUITests.xctest */ = {isa = PBXFileReference; explicitFileType = wrapper.cfbundle; includeInIndex = 0; path = myFirstProjectUITests.xctest; sourceTree = BUILT_PRODUCTS_DIR; };
/* End PBXFileReference section */

/* Begin PBXFileSystemSynchronizedRootGroup section */
		E38334492CDC2DEC00CB2411 /* myFirstProject */ = {
			isa = PBXFileSystemSynchronizedRootGroup;
			path = myFirstProject;
			sourceTree = "<group>";
		};
		E383345A2CDC2DED00CB2411 /* myFirstProjectTests */ = {
			isa = PBXFileSystemSynchronizedRootGroup;
			path = myFirstProjectTests;
			sourceTree = "<group>";
		};
		E38334642CDC2DED00CB2411 /* myFirstProjectUITests */ = {
			isa = PBXFileSystemSynchronizedRootGroup;
			path = myFirstProjectUITests;
			sourceTree = "<group>";
		};
/* End PBXFileSystemSynchronizedRootGroup section */

/* Begin PBXFrameworksBuildPhase section */
		E38334442CDC2DEC00CB2411 /* Frameworks */ = {
			isa = PBXFrameworksBuildPhase;
			buildActionMask = 2147483647;
			files = (
			);
			runOnlyForDeploymentPostprocessing = 0;
		};
		E38334542CDC2DED00CB2411 /* Frameworks */ = {
			isa = PBXFrameworksBuildPhase;
			buildActionMask = 2147483647;
			files = (
			);
			runOnlyForDeploymentPostprocessing = 0;
		};
		E383345E2CDC2DED00CB2411 /* Frameworks */ = {
			isa = PBXFrameworksBuildPhase;
			buildActionMask = 2147483647;
			files = (
			);
			runOnlyForDeploymentPostprocessing = 0;
		};
/* End PBXFrameworksBuildPhase section */

/* Begin PBXGroup section */
		E383343E2CDC2DEC00CB2411 = {
			isa = PBXGroup;
			children = (
				E38334492CDC2DEC00CB2411 /* myFirstProject */,
				E383345A2CDC2DED00CB2411 /* myFirstProjectTests */,
				E38334642CDC2DED00CB2411 /* myFirstProjectUITests */,
				E38334482CDC2DEC00CB2411 /* Products */,
			);
			sourceTree = "<group>";
		};
		E38334482CDC2DEC00CB2411 /* Products */ = {
			isa = PBXGroup;
			children = (
				E38334472CDC2DEC00CB2411 /* myFirstProject.app */,
				E38334572CDC2DED00CB2411 /* myFirstProjectTests.xctest */,
				E38334612CDC2DED00CB2411 /* myFirstProjectUITests.xctest */,
			);
			name = Products;
			sourceTree = "<group>";
		};
/* End PBXGroup section */

/* Begin PBXNativeTarget section */
		E38334462CDC2DEC00CB2411 /* myFirstProject */ = {
			isa = PBXNativeTarget;
			buildConfigurationList = E383346B2CDC2DED00CB2411 /* Build configuration list for PBXNativeTarget "myFirstProject" */;
			buildPhases = (
				E38334432CDC2DEC00CB2411 /* Sources */,
				E38334442CDC2DEC00CB2411 /* Frameworks */,
				E38334452CDC2DEC00CB2411 /* Resources */,
			);
			buildRules = (
			);
			dependencies = (
			);
			fileSystemSynchronizedGroups = (
				E38334492CDC2DEC00CB2411 /* myFirstProject */,
			);
			name = myFirstProject;
			packageProductDependencies = (
			);
			productName = myFirstProject;
			productReference = E38334472CDC2DEC00CB2411 /* myFirstProject.app */;
			productType = "com.apple.product-type.application";
		};
		E38334562CDC2DED00CB2411 /* myFirstProjectTests */ = {
			isa = PBXNativeTarget;
			buildConfigurationList = E383346E2CDC2DED00CB2411 /* Build configuration list for PBXNativeTarget "myFirstProjectTests" */;
			buildPhases = (
				E38334532CDC2DED00CB2411 /* Sources */,
				E38334542CDC2DED00CB2411 /* Frameworks */,
				E38334552CDC2DED00CB2411 /* Resources */,
			);
			buildRules = (
			);
			dependencies = (
				E38334592CDC2DED00CB2411 /* PBXTargetDependency */,
			);
			fileSystemSynchronizedGroups = (
				E383345A2CDC2DED00CB2411 /* myFirstProjectTests */,
			);
			name = myFirstProjectTests;
			packageProductDependencies = (
			);
			productName = myFirstProjectTests;
			productReference = E38334572CDC2DED00CB2411 /* myFirstProjectTests.xctest */;
			productType = "com.apple.product-type.bundle.unit-test";
		};
		E38334602CDC2DED00CB2411 /* myFirstProjectUITests */ = {
			isa = PBXNativeTarget;
			buildConfigurationList = E38334712CDC2DED00CB2411 /* Build configuration list for PBXNativeTarget "myFirstProjectUITests" */;
			buildPhases = (
				E383345D2CDC2DED00CB2411 /* Sources */,
				E383345E2CDC2DED00CB2411 /* Frameworks */,
				E383345F2CDC2DED00CB2411 /* Resources */,
			);
			buildRules = (
			);
			dependencies = (
				E38334632CDC2DED00CB2411 /* PBXTargetDependency */,
			);
			fileSystemSynchronizedGroups = (
				E38334642CDC2DED00CB2411 /* myFirstProjectUITests */,
			);
			name = myFirstProjectUITests;
			packageProductDependencies = (
			);
			productName = myFirstProjectUITests;
			productReference = E38334612CDC2DED00CB2411 /* myFirstProjectUITests.xctest */;
			productType = "com.apple.product-type.bundle.ui-testing";
		};
/* End PBXNativeTarget section */

/* Begin PBXProject section */
		E383343F2CDC2DEC00CB2411 /* Project object */ = {
			isa = PBXProject;
			attributes = {
				BuildIndependentTargetsInParallel = 1;
				LastSwiftUpdateCheck = 1610;
				LastUpgradeCheck = 1610;
				TargetAttributes = {
					E38334462CDC2DEC00CB2411 = {
						CreatedOnToolsVersion = 16.1;
					};
					E38334562CDC2DED00CB2411 = {
						CreatedOnToolsVersion = 16.1;
						TestTargetID = E38334462CDC2DEC00CB2411;
					};
					E38334602CDC2DED00CB2411 = {
						CreatedOnToolsVersion = 16.1;
						TestTargetID = E38334462CDC2DEC00CB2411;
					};
				};
			};
			buildConfigurationList = E38334422CDC2DEC00CB2411 /* Build configuration list for PBXProject "myFirstProject" */;
			developmentRegion = en;
			hasScannedForEncodings = 0;
			knownRegions = (
				en,
				Base,
			);
			mainGroup = E383343E2CDC2DEC00CB2411;
			minimizedProjectReferenceProxies = 1;
			preferredProjectObjectVersion = 77;
			productRefGroup = E38334482CDC2DEC00CB2411 /* Products */;
			projectDirPath = "";
			projectRoot = "";
			targets = (
				E38334462CDC2DEC00CB2411 /* myFirstProject */,
				E38334562CDC2DED00CB2411 /* myFirstProjectTests */,
				E38334602CDC2DED00CB2411 /* myFirstProjectUITests */,
			);
		};
/* End PBXProject section */

/* Begin PBXResourcesBuildPhase section */
		E38334452CDC2DEC00CB2411 /* Resources */ = {
			isa = PBXResourcesBuildPhase;
			buildActionMask = 2147483647;
			files = (
			);
			runOnlyForDeploymentPostprocessing = 0;
		};
		E38334552CDC2DED00CB2411 /* Resources */ = {
			isa = PBXResourcesBuildPhase;
			buildActionMask = 2147483647;
			files = (
			);
			runOnlyForDeploymentPostprocessing = 0;
		};
		E383345F2CDC2DED00CB2411 /* Resources */ = {
			isa = PBXResourcesBuildPhase;
			buildActionMask = 2147483647;
			files = (
			);
			runOnlyForDeploymentPostprocessing = 0;
		};
/* End PBXResourcesBuildPhase section */

/* Begin PBXSourcesBuildPhase section */
		E38334432CDC2DEC00CB2411 /* Sources */ = {
			isa = PBXSourcesBuildPhase;
			buildActionMask = 2147483647;
			files = (
			);
			runOnlyForDeploymentPostprocessing = 0;
		};
		E38334532CDC2DED00CB2411 /* Sources */ = {
			isa = PBXSourcesBuildPhase;
			buildActionMask = 2147483647;
			files = (
			);
			runOnlyForDeploymentPostprocessing = 0;
		};
		E383345D2CDC2DED00CB2411 /* Sources */ = {
			isa = PBXSourcesBuildPhase;
			buildActionMask = 2147483647;
			files = (
			);
			runOnlyForDeploymentPostprocessing = 0;
		};
/* End PBXSourcesBuildPhase section */

/* Begin PBXTargetDependency section */
		E38334592CDC2DED00CB2411 /* PBXTargetDependency */ = {
			isa = PBXTargetDependency;
			target = E38334462CDC2DEC00CB2411 /* myFirstProject */;
			targetProxy = E38334582CDC2DED00CB2411 /* PBXContainerItemProxy */;
		};
		E38334632CDC2DED00CB2411 /* PBXTargetDependency */ = {
			isa = PBXTargetDependency;
			target = E38334462CDC2DEC00CB2411 /* myFirstProject */;
			targetProxy = E38334622CDC2DED00CB2411 /* PBXContainerItemProxy */;
		};
/* End PBXTargetDependency section */

/* Begin XCBuildConfiguration section */
		E38334692CDC2DED00CB2411 /* Debug */ = {
			isa = XCBuildConfiguration;
			buildSettings = {
				ALWAYS_SEARCH_USER_PATHS = NO;
				ASSETCATALOG_COMPILER_GENERATE_SWIFT_ASSET_SYMBOL_EXTENSIONS = YES;
				CLANG_ANALYZER_NONNULL = YES;
				CLANG_ANALYZER_NUMBER_OBJECT_CONVERSION = YES_AGGRESSIVE;
				CLANG_CXX_LANGUAGE_STANDARD = "gnu++20";
				CLANG_ENABLE_MODULES = YES;
				CLANG_ENABLE_OBJC_ARC = YES;
				CLANG_ENABLE_OBJC_WEAK = YES;
				CLANG_WARN_BLOCK_CAPTURE_AUTORELEASING = YES;
				CLANG_WARN_BOOL_CONVERSION = YES;
				CLANG_WARN_COMMA = YES;
				CLANG_WARN_CONSTANT_CONVERSION = YES;
				CLANG_WARN_DEPRECATED_OBJC_IMPLEMENTATIONS = YES;
				CLANG_WARN_DIRECT_OBJC_ISA_USAGE = YES_ERROR;
				CLANG_WARN_DOCUMENTATION_COMMENTS = YES;
				CLANG_WARN_EMPTY_BODY = YES;
				CLANG_WARN_ENUM_CONVERSION = YES;
				CLANG_WARN_INFINITE_RECURSION = YES;
				CLANG_WARN_INT_CONVERSION = YES;
				CLANG_WARN_NON_LITERAL_NULL_CONVERSION = YES;
				CLANG_WARN_OBJC_IMPLICIT_RETAIN_SELF = YES;
				CLANG_WARN_OBJC_LITERAL_CONVERSION = YES;
				CLANG_WARN_OBJC_ROOT_CLASS = YES_ERROR;
				CLANG_WARN_QUOTED_INCLUDE_IN_FRAMEWORK_HEADER = YES;
				CLANG_WARN_RANGE_LOOP_ANALYSIS = YES;
				CLANG_WARN_STRICT_PROTOTYPES = YES;
				CLANG_WARN_SUSPICIOUS_MOVE = YES;
				CLANG_WARN_UNGUARDED_AVAILABILITY = YES_AGGRESSIVE;
				CLANG_WARN_UNREACHABLE_CODE = YES;
				CLANG_WARN__DUPLICATE_METHOD_MATCH = YES;
				COPY_PHASE_STRIP = NO;
				DEBUG_INFORMATION_FORMAT = dwarf;
				ENABLE_STRICT_OBJC_MSGSEND = YES;
				ENABLE_TESTABILITY = YES;
				ENABLE_USER_SCRIPT_SANDBOXING = YES;
				GCC_C_LANGUAGE_STANDARD = gnu17;
				GCC_DYNAMIC_NO_PIC = NO;
				GCC_NO_COMMON_BLOCKS = YES;
				GCC_OPTIMIZATION_LEVEL = 0;
				GCC_PREPROCESSOR_DEFINITIONS = (
					"DEBUG=1",
					"$(inherited)",
				);
				GCC_WARN_64_TO_32_BIT_CONVERSION = YES;
				GCC_WARN_ABOUT_RETURN_TYPE = YES_ERROR;
				GCC_WARN_UNDECLARED_SELECTOR = YES;
				GCC_WARN_UNINITIALIZED_AUTOS = YES_AGGRESSIVE;
				GCC_WARN_UNUSED_FUNCTION = YES;
				GCC_WARN_UNUSED_VARIABLE = YES;
				IPHONEOS_DEPLOYMENT_TARGET = 18.1;
				LOCALIZATION_PREFERS_STRING_CATALOGS = YES;
				MTL_ENABLE_DEBUG_INFO = INCLUDE_SOURCE;
				MTL_FAST_MATH = YES;
				ONLY_ACTIVE_ARCH = YES;
				SDKROOT = iphoneos;
				SWIFT_ACTIVE_COMPILATION_CONDITIONS = "DEBUG $(inherited)";
				SWIFT_OPTIMIZATION_LEVEL = "-Onone";
			};
			name = Debug;
		};
		E383346A2CDC2DED00CB2411 /* Release */ = {
			isa = XCBuildConfiguration;
			buildSettings = {
				ALWAYS_SEARCH_USER_PATHS = NO;
				ASSETCATALOG_COMPILER_GENERATE_SWIFT_ASSET_SYMBOL_EXTENSIONS = YES;
				CLANG_ANALYZER_NONNULL = YES;
				CLANG_ANALYZER_NUMBER_OBJECT_CONVERSION = YES_AGGRESSIVE;
				CLANG_CXX_LANGUAGE_STANDARD = "gnu++20";
				CLANG_ENABLE_MODULES = YES;
				CLANG_ENABLE_OBJC_ARC = YES;
				CLANG_ENABLE_OBJC_WEAK = YES;
				CLANG_WARN_BLOCK_CAPTURE_AUTORELEASING = YES;
				CLANG_WARN_BOOL_CONVERSION = YES;
				CLANG_WARN_COMMA = YES;
				CLANG_WARN_CONSTANT_CONVERSION = YES;
				CLANG_WARN_DEPRECATED_OBJC_IMPLEMENTATIONS = YES;
				CLANG_WARN_DIRECT_OBJC_ISA_USAGE = YES_ERROR;
				CLANG_WARN_DOCUMENTATION_COMMENTS = YES;
				CLANG_WARN_EMPTY_BODY = YES;
				CLANG_WARN_ENUM_CONVERSION = YES;
				CLANG_WARN_INFINITE_RECURSION = YES;
				CLANG_WARN_INT_CONVERSION = YES;
				CLANG_WARN_NON_LITERAL_NULL_CONVERSION = YES;
				CLANG_WARN_OBJC_IMPLICIT_RETAIN_SELF = YES;
				CLANG_WARN_OBJC_LITERAL_CONVERSION = YES;
				CLANG_WARN_OBJC_ROOT_CLASS = YES_ERROR;
				CLANG_WARN_QUOTED_INCLUDE_IN_FRAMEWORK_HEADER = YES;
				CLANG_WARN_RANGE_LOOP_ANALYSIS = YES;
				CLANG_WARN_STRICT_PROTOTYPES = YES;
				CLANG_WARN_SUSPICIOUS_MOVE = YES;
				CLANG_WARN_UNGUARDED_AVAILABILITY = YES_AGGRESSIVE;
				CLANG_WARN_UNREACHABLE_CODE = YES;
				CLANG_WARN__DUPLICATE_METHOD_MATCH = YES;
				COPY_PHASE_STRIP = NO;
				DEBUG_INFORMATION_FORMAT = "dwarf-with-dsym";
				ENABLE_NS_ASSERTIONS = NO;
				ENABLE_STRICT_OBJC_MSGSEND = YES;
				ENABLE_USER_SCRIPT_SANDBOXING = YES;
				GCC_C_LANGUAGE_STANDARD = gnu17;
				GCC_NO_COMMON_BLOCKS = YES;
				GCC_WARN_64_TO_32_BIT_CONVERSION = YES;
				GCC_WARN_ABOUT_RETURN_TYPE = YES_ERROR;
				GCC_WARN_UNDECLARED_SELECTOR = YES;
				GCC_WARN_UNINITIALIZED_AUTOS = YES_AGGRESSIVE;
				GCC_WARN_UNUSED_FUNCTION = YES;
				GCC_WARN_UNUSED_VARIABLE = YES;
				IPHONEOS_DEPLOYMENT_TARGET = 18.1;
				LOCALIZATION_PREFERS_STRING_CATALOGS = YES;
				MTL_ENABLE_DEBUG_INFO = NO;
				MTL_FAST_MATH = YES;
				SDKROOT = iphoneos;
				SWIFT_COMPILATION_MODE = wholemodule;
				VALIDATE_PRODUCT = YES;
			};
			name = Release;
		};
		E383346C2CDC2DED00CB2411 /* Debug */ = {
			isa = XCBuildConfiguration;
			buildSettings = {
				ASSETCATALOG_COMPILER_APPICON_NAME = AppIcon;
				ASSETCATALOG_COMPILER_GLOBAL_ACCENT_COLOR_NAME = AccentColor;
				CODE_SIGN_STYLE = Automatic;
				CURRENT_PROJECT_VERSION = 1;
				DEVELOPMENT_ASSET_PATHS = "\"myFirstProject/Preview Content\"";
				DEVELOPMENT_TEAM = 93977M324C;
				ENABLE_PREVIEWS = YES;
				GENERATE_INFOPLIST_FILE = YES;
				INFOPLIST_KEY_CFBundleDisplayName = "Mirus App";
				INFOPLIST_KEY_LSApplicationCategoryType = "public.app-category.business";
				INFOPLIST_KEY_UIApplicationSceneManifest_Generation = YES;
				INFOPLIST_KEY_UIApplicationSupportsIndirectInputEvents = YES;
				INFOPLIST_KEY_UILaunchScreen_Generation = YES;
				INFOPLIST_KEY_UISupportedInterfaceOrientations_iPad = "UIInterfaceOrientationPortrait UIInterfaceOrientationPortraitUpsideDown UIInterfaceOrientationLandscapeLeft UIInterfaceOrientationLandscapeRight";
				INFOPLIST_KEY_UISupportedInterfaceOrientations_iPhone = "UIInterfaceOrientationPortrait UIInterfaceOrientationLandscapeLeft UIInterfaceOrientationLandscapeRight";
				LD_RUNPATH_SEARCH_PATHS = (
					"$(inherited)",
					"@executable_path/Frameworks",
				);
				MARKETING_VERSION = 0.1;
				PRODUCT_BUNDLE_IDENTIFIER = Mirus.myFirstProject;
				PRODUCT_NAME = "$(TARGET_NAME)";
				SWIFT_EMIT_LOC_STRINGS = YES;
				SWIFT_VERSION = 5.0;
				TARGETED_DEVICE_FAMILY = "1,2";
			};
			name = Debug;
		};
		E383346D2CDC2DED00CB2411 /* Release */ = {
			isa = XCBuildConfiguration;
			buildSettings = {
				ASSETCATALOG_COMPILER_APPICON_NAME = AppIcon;
				ASSETCATALOG_COMPILER_GLOBAL_ACCENT_COLOR_NAME = AccentColor;
				CODE_SIGN_STYLE = Automatic;
				CURRENT_PROJECT_VERSION = 1;
				DEVELOPMENT_ASSET_PATHS = "\"myFirstProject/Preview Content\"";
				DEVELOPMENT_TEAM = 93977M324C;
				ENABLE_PREVIEWS = YES;
				GENERATE_INFOPLIST_FILE = YES;
				INFOPLIST_KEY_CFBundleDisplayName = "Mirus App";
				INFOPLIST_KEY_LSApplicationCategoryType = "public.app-category.business";
				INFOPLIST_KEY_UIApplicationSceneManifest_Generation = YES;
				INFOPLIST_KEY_UIApplicationSupportsIndirectInputEvents = YES;
				INFOPLIST_KEY_UILaunchScreen_Generation = YES;
				INFOPLIST_KEY_UISupportedInterfaceOrientations_iPad = "UIInterfaceOrientationPortrait UIInterfaceOrientationPortraitUpsideDown UIInterfaceOrientationLandscapeLeft UIInterfaceOrientationLandscapeRight";
				INFOPLIST_KEY_UISupportedInterfaceOrientations_iPhone = "UIInterfaceOrientationPortrait UIInterfaceOrientationLandscapeLeft UIInterfaceOrientationLandscapeRight";
				LD_RUNPATH_SEARCH_PATHS = (
					"$(inherited)",
					"@executable_path/Frameworks",
				);
				MARKETING_VERSION = 0.1;
				PRODUCT_BUNDLE_IDENTIFIER = Mirus.myFirstProject;
				PRODUCT_NAME = "$(TARGET_NAME)";
				SWIFT_EMIT_LOC_STRINGS = YES;
				SWIFT_VERSION = 5.0;
				TARGETED_DEVICE_FAMILY = "1,2";
			};
			name = Release;
		};
		E383346F2CDC2DED00CB2411 /* Debug */ = {
			isa = XCBuildConfiguration;
			buildSettings = {
				BUNDLE_LOADER = "$(TEST_HOST)";
				CODE_SIGN_STYLE = Automatic;
				CURRENT_PROJECT_VERSION = 1;
				DEVELOPMENT_TEAM = 93977M324C;
				GENERATE_INFOPLIST_FILE = YES;
				IPHONEOS_DEPLOYMENT_TARGET = 18.1;
				MARKETING_VERSION = 1.0;
				PRODUCT_BUNDLE_IDENTIFIER = Mirus.myFirstProjectTests;
				PRODUCT_NAME = "$(TARGET_NAME)";
				SWIFT_EMIT_LOC_STRINGS = NO;
				SWIFT_VERSION = 5.0;
				TARGETED_DEVICE_FAMILY = "1,2";
				TEST_HOST = "$(BUILT_PRODUCTS_DIR)/myFirstProject.app/$(BUNDLE_EXECUTABLE_FOLDER_PATH)/myFirstProject";
			};
			name = Debug;
		};
		E38334702CDC2DED00CB2411 /* Release */ = {
			isa = XCBuildConfiguration;
			buildSettings = {
				BUNDLE_LOADER = "$(TEST_HOST)";
				CODE_SIGN_STYLE = Automatic;
				CURRENT_PROJECT_VERSION = 1;
				DEVELOPMENT_TEAM = 93977M324C;
				GENERATE_INFOPLIST_FILE = YES;
				IPHONEOS_DEPLOYMENT_TARGET = 18.1;
				MARKETING_VERSION = 1.0;
				PRODUCT_BUNDLE_IDENTIFIER = Mirus.myFirstProjectTests;
				PRODUCT_NAME = "$(TARGET_NAME)";
				SWIFT_EMIT_LOC_STRINGS = NO;
				SWIFT_VERSION = 5.0;
				TARGETED_DEVICE_FAMILY = "1,2";
				TEST_HOST = "$(BUILT_PRODUCTS_DIR)/myFirstProject.app/$(BUNDLE_EXECUTABLE_FOLDER_PATH)/myFirstProject";
			};
			name = Release;
		};
		E38334722CDC2DED00CB2411 /* Debug */ = {
			isa = XCBuildConfiguration;
			buildSettings = {
				CODE_SIGN_STYLE = Automatic;
				CURRENT_PROJECT_VERSION = 1;
				DEVELOPMENT_TEAM = 93977M324C;
				GENERATE_INFOPLIST_FILE = YES;
				MARKETING_VERSION = 1.0;
				PRODUCT_BUNDLE_IDENTIFIER = Mirus.myFirstProjectUITests;
				PRODUCT_NAME = "$(TARGET_NAME)";
				SWIFT_EMIT_LOC_STRINGS = NO;
				SWIFT_VERSION = 5.0;
				TARGETED_DEVICE_FAMILY = "1,2";
				TEST_TARGET_NAME = myFirstProject;
			};
			name = Debug;
		};
		E38334732CDC2DED00CB2411 /* Release */ = {
			isa = XCBuildConfiguration;
			buildSettings = {
				CODE_SIGN_STYLE = Automatic;
				CURRENT_PROJECT_VERSION = 1;
				DEVELOPMENT_TEAM = 93977M324C;
				GENERATE_INFOPLIST_FILE = YES;
				MARKETING_VERSION = 1.0;
				PRODUCT_BUNDLE_IDENTIFIER = Mirus.myFirstProjectUITests;
				PRODUCT_NAME = "$(TARGET_NAME)";
				SWIFT_EMIT_LOC_STRINGS = NO;
				SWIFT_VERSION = 5.0;
				TARGETED_DEVICE_FAMILY = "1,2";
				TEST_TARGET_NAME = myFirstProject;
			};
			name = Release;
		};
/* End XCBuildConfiguration section */

/* Begin XCConfigurationList section */
		E38334422CDC2DEC00CB2411 /* Build configuration list for PBXProject "myFirstProject" */ = {
			isa = XCConfigurationList;
			buildConfigurations = (
				E38334692CDC2DED00CB2411 /* Debug */,
				E383346A2CDC2DED00CB2411 /* Release */,
			);
			defaultConfigurationIsVisible = 0;
			defaultConfigurationName = Release;
		};
		E383346B2CDC2DED00CB2411 /* Build configuration list for PBXNativeTarget "myFirstProject" */ = {
			isa = XCConfigurationList;
			buildConfigurations = (
				E383346C2CDC2DED00CB2411 /* Debug */,
				E383346D2CDC2DED00CB2411 /* Release */,
			);
			defaultConfigurationIsVisible = 0;
			defaultConfigurationName = Release;
		};
		E383346E2CDC2DED00CB2411 /* Build configuration list for PBXNativeTarget "myFirstProjectTests" */ = {
			isa = XCConfigurationList;
			buildConfigurations = (
				E383346F2CDC2DED00CB2411 /* Debug */,
				E38334702CDC2DED00CB2411 /* Release */,
			);
			defaultConfigurationIsVisible = 0;
			defaultConfigurationName = Release;
		};
		E38334712CDC2DED00CB2411 /* Build configuration list for PBXNativeTarget "myFirstProjectUITests" */ = {
			isa = XCConfigurationList;
			buildConfigurations = (
				E38334722CDC2DED00CB2411 /* Debug */,
				E38334732CDC2DED00CB2411 /* Release */,
			);
			defaultConfigurationIsVisible = 0;
			defaultConfigurationName = Release;
		};
/* End XCConfigurationList section */
	};
	rootObject = E383343F2CDC2DEC00CB2411 /* Project object */;
}
